<?xml version="1.0" encoding="UTF-8"?>
<CodeBlocks_project_file>
	<FileVersion major="1" minor="6"/>
	<Project>
		<Option title="day7"/>
		<Option makefile_is_custom="1"/>
		<Option compiler="gcc"/>
		<Option virtualFolders="CMake Files\;"/>
		<Build>
			<Target title="all">
				<Option working_dir="/home/pfese/aoc2022/day7"/>
				<Option type="4"/>
				<MakeCommands>
					<Build command="/usr/bin/gmake -f &quot;/home/pfese/aoc2022/day7/Makefile&quot;  VERBOSE=1 all"/>
					<CompileFile command="/usr/bin/gmake -f &quot;/home/pfese/aoc2022/day7/Makefile&quot;  VERBOSE=1 &quot;$file&quot;"/>
					<Clean command="/usr/bin/gmake -f &quot;/home/pfese/aoc2022/day7/Makefile&quot;  VERBOSE=1 clean"/>
					<DistClean command="/usr/bin/gmake -f &quot;/home/pfese/aoc2022/day7/Makefile&quot;  VERBOSE=1 clean"/>
				</MakeCommands>
			</Target>
			<Target title="day7">
				<Option output="/home/pfese/aoc2022/day7/day7" prefix_auto="0" extension_auto="0"/>
				<Option working_dir="/home/pfese/aoc2022/day7"/>
				<Option object_output="./"/>
				<Option type="1"/>
				<Option compiler="gcc"/>
				<Compiler>
					<Add directory="/home/pfese/aoc2022/aoc_lib"/>
				</Compiler>
				<MakeCommands>
					<Build command="/usr/bin/gmake -f &quot;/home/pfese/aoc2022/day7/Makefile&quot;  VERBOSE=1 day7"/>
					<CompileFile command="/usr/bin/gmake -f &quot;/home/pfese/aoc2022/day7/Makefile&quot;  VERBOSE=1 &quot;$file&quot;"/>
					<Clean command="/usr/bin/gmake -f &quot;/home/pfese/aoc2022/day7/Makefile&quot;  VERBOSE=1 clean"/>
					<DistClean command="/usr/bin/gmake -f &quot;/home/pfese/aoc2022/day7/Makefile&quot;  VERBOSE=1 clean"/>
				</MakeCommands>
			</Target>
			<Target title="day7/fast">
				<Option output="/home/pfese/aoc2022/day7/day7" prefix_auto="0" extension_auto="0"/>
				<Option working_dir="/home/pfese/aoc2022/day7"/>
				<Option object_output="./"/>
				<Option type="1"/>
				<Option compiler="gcc"/>
				<Compiler>
					<Add directory="/home/pfese/aoc2022/aoc_lib"/>
				</Compiler>
				<MakeCommands>
					<Build command="/usr/bin/gmake -f &quot;/home/pfese/aoc2022/day7/Makefile&quot;  VERBOSE=1 day7/fast"/>
					<CompileFile command="/usr/bin/gmake -f &quot;/home/pfese/aoc2022/day7/Makefile&quot;  VERBOSE=1 &quot;$file&quot;"/>
					<Clean command="/usr/bin/gmake -f &quot;/home/pfese/aoc2022/day7/Makefile&quot;  VERBOSE=1 clean"/>
					<DistClean command="/usr/bin/gmake -f &quot;/home/pfese/aoc2022/day7/Makefile&quot;  VERBOSE=1 clean"/>
				</MakeCommands>
			</Target>
			<Target title="edit_cache">
				<Option working_dir="/home/pfese/aoc2022/day7"/>
				<Option type="4"/>
				<MakeCommands>
					<Build command="/usr/bin/gmake -f &quot;/home/pfese/aoc2022/day7/Makefile&quot;  VERBOSE=1 edit_cache"/>
					<CompileFile command="/usr/bin/gmake -f &quot;/home/pfese/aoc2022/day7/Makefile&quot;  VERBOSE=1 &quot;$file&quot;"/>
					<Clean command="/usr/bin/gmake -f &quot;/home/pfese/aoc2022/day7/Makefile&quot;  VERBOSE=1 clean"/>
					<DistClean command="/usr/bin/gmake -f &quot;/home/pfese/aoc2022/day7/Makefile&quot;  VERBOSE=1 clean"/>
				</MakeCommands>
			</Target>
			<Target title="rebuild_cache">
				<Option working_dir="/home/pfese/aoc2022/day7"/>
				<Option type="4"/>
				<MakeCommands>
					<Build command="/usr/bin/gmake -f &quot;/home/pfese/aoc2022/day7/Makefile&quot;  VERBOSE=1 rebuild_cache"/>
					<CompileFile command="/usr/bin/gmake -f &quot;/home/pfese/aoc2022/day7/Makefile&quot;  VERBOSE=1 &quot;$file&quot;"/>
					<Clean command="/usr/bin/gmake -f &quot;/home/pfese/aoc2022/day7/Makefile&quot;  VERBOSE=1 clean"/>
					<DistClean command="/usr/bin/gmake -f &quot;/home/pfese/aoc2022/day7/Makefile&quot;  VERBOSE=1 clean"/>
				</MakeCommands>
			</Target>
		</Build>
		<Unit filename="/home/pfese/aoc2022/day7/dir.cpp">
			<Option target="day7"/>
		</Unit>
		<Unit filename="/home/pfese/aoc2022/day7/dir.h">
			<Option target="day7"/>
		</Unit>
		<Unit filename="/home/pfese/aoc2022/day7/main.cpp">
			<Option target="day7"/>
		</Unit>
		<Unit filename="/home/pfese/aoc2022/day7/parse.cpp">
			<Option target="day7"/>
		</Unit>
		<Unit filename="/home/pfese/aoc2022/day7/parse.h">
			<Option target="day7"/>
		</Unit>
		<Unit filename="/home/pfese/aoc2022/day7/CMakeLists.txt">
			<Option virtualFolder="CMake Files\"/>
		</Unit>
	</Project>
</CodeBlocks_project_file>
